
Microsoft Visual Studio Solution File, Format Version 12.00
# Visual Studio Version 16
VisualStudioVersion = 16.0.30523.141
MinimumVisualStudioVersion = 10.0.40219.1
Project("{FAE04EC0-301F-11D3-BF4B-00C04F79EFBC}") = "CalculatorChallengeBenASP_8", "CalculatorChallengeBenASP_8\CalculatorChallengeBenASP_8.csproj", "{9DDEC23C-95FB-4AB1-BE52-CE4FA7EEDCEB}"
EndProject
Global
	GlobalSection(SolutionConfigurationPlatforms) = preSolution
		Debug|Any CPU = Debug|Any CPU
		Release|Any CPU = Release|Any CPU
	EndGlobalSection
	GlobalSection(ProjectConfigurationPlatforms) = postSolution
		{9DDEC23C-95FB-4AB1-BE52-CE4FA7EEDCEB}.Debug|Any CPU.ActiveCfg = Debug|Any CPU
		{9DDEC23C-95FB-4AB1-BE52-CE4FA7EEDCEB}.Debug|Any CPU.Build.0 = Debug|Any CPU
		{9DDEC23C-95FB-4AB1-BE52-CE4FA7EEDCEB}.Release|Any CPU.ActiveCfg = Release|Any CPU
		{9DDEC23C-95FB-4AB1-BE52-CE4FA7EEDCEB}.Release|Any CPU.Build.0 = Release|Any CPU
	EndGlobalSection
	GlobalSection(SolutionProperties) = preSolution
		HideSolutionNode = FALSE
	EndGlobalSection
	GlobalSection(ExtensibilityGlobals) = postSolution
		SolutionGuid = {D0035D29-226B-4E3F-87E8-E56F96276CA2}
	EndGlobalSection
EndGlobal
